
Microsoft Visual Studio Solution File, Format Version 12.00
# Visual Studio Version 16
VisualStudioVersion = 16.0.34301.259
MinimumVisualStudioVersion = 10.0.40219.1
Project("{FAE04EC0-301F-11D3-BF4B-00C04F79EFBC}") = "Car Parking Ecosystem", "Car Parking Ecosystem\Car Parking Ecosystem.csproj", "{044F3C20-40D4-44F7-9C7F-16BA2A80F38E}"
EndProject
Global
	GlobalSection(SolutionConfigurationPlatforms) = preSolution
		Debug|Any CPU = Debug|Any CPU
		Release|Any CPU = Release|Any CPU
	EndGlobalSection
	GlobalSection(ProjectConfigurationPlatforms) = postSolution
		{044F3C20-40D4-44F7-9C7F-16BA2A80F38E}.Debug|Any CPU.ActiveCfg = Debug|Any CPU
		{044F3C20-40D4-44F7-9C7F-16BA2A80F38E}.Debug|Any CPU.Build.0 = Debug|Any CPU
		{044F3C20-40D4-44F7-9C7F-16BA2A80F38E}.Release|Any CPU.ActiveCfg = Release|Any CPU
		{044F3C20-40D4-44F7-9C7F-16BA2A80F38E}.Release|Any CPU.Build.0 = Release|Any CPU
	EndGlobalSection
	GlobalSection(SolutionProperties) = preSolution
		HideSolutionNode = FALSE
	EndGlobalSection
	GlobalSection(ExtensibilityGlobals) = postSolution
		SolutionGuid = {39A8E456-0B86-421B-94E5-EFE2FEE4259B}
	EndGlobalSection
EndGlobal
